
Microsoft Visual Studio Solution File, Format Version 12.00
# Visual Studio Version 17
VisualStudioVersion = 17.9.34728.123
MinimumVisualStudioVersion = 10.0.40219.1
Project("{FAE04EC0-301F-11D3-BF4B-00C04F79EFBC}") = "AplikasiKota.Api", "AplikasiKota.Api.csproj", "{6B3037BC-BD76-4270-A2A1-6485F88BAB07}"
EndProject
Project("{FAE04EC0-301F-11D3-BF4B-00C04F79EFBC}") = "AplikasiKota.Web", "..\AplikasiKota\AplikasiKota.Web.csproj", "{63D4BE02-6778-45F4-B495-9A24B99E57D3}"
EndProject
Global
	GlobalSection(SolutionConfigurationPlatforms) = preSolution
		Debug|Any CPU = Debug|Any CPU
		Release|Any CPU = Release|Any CPU
	EndGlobalSection
	GlobalSection(ProjectConfigurationPlatforms) = postSolution
		{6B3037BC-BD76-4270-A2A1-6485F88BAB07}.Debug|Any CPU.ActiveCfg = Debug|Any CPU
		{6B3037BC-BD76-4270-A2A1-6485F88BAB07}.Debug|Any CPU.Build.0 = Debug|Any CPU
		{6B3037BC-BD76-4270-A2A1-6485F88BAB07}.Release|Any CPU.ActiveCfg = Release|Any CPU
		{6B3037BC-BD76-4270-A2A1-6485F88BAB07}.Release|Any CPU.Build.0 = Release|Any CPU
		{63D4BE02-6778-45F4-B495-9A24B99E57D3}.Debug|Any CPU.ActiveCfg = Debug|Any CPU
		{63D4BE02-6778-45F4-B495-9A24B99E57D3}.Debug|Any CPU.Build.0 = Debug|Any CPU
		{63D4BE02-6778-45F4-B495-9A24B99E57D3}.Release|Any CPU.ActiveCfg = Release|Any CPU
		{63D4BE02-6778-45F4-B495-9A24B99E57D3}.Release|Any CPU.Build.0 = Release|Any CPU
	EndGlobalSection
	GlobalSection(SolutionProperties) = preSolution
		HideSolutionNode = FALSE
	EndGlobalSection
	GlobalSection(ExtensibilityGlobals) = postSolution
		SolutionGuid = {D94970CB-AACA-4D19-8820-E27BB9581363}
	EndGlobalSection
EndGlobal
